
Microsoft Visual Studio Solution File, Format Version 12.00
# Visual Studio Version 16
VisualStudioVersion = 16.0.29503.13
MinimumVisualStudioVersion = 10.0.40219.1
Project("{8BC9CEB8-8B4A-11D0-8D11-00A0C91BC942}") = "Minigrowl", "Minigrowl.vcxproj", "{C5F80730-F44F-4478-BDAE-6634EFC2CA88}"
EndProject
Project("{8BC9CEB8-8B4A-11D0-8D11-00A0C91BC942}") = "GrowlESPLibrary", "src\GrowlESPLibrary\GrowlESPLibrary.vcxitems", "{E8B4BC01-65BD-47AE-8E2D-80A11DA6B3C8}"
EndProject
Project("{8BC9CEB8-8B4A-11D0-8D11-00A0C91BC942}") = "SketchDHT22test", "..\Sketch1Test\Sketch1Test.vcxproj", "{9ED35C2C-D38A-4CE5-B878-7CA8EBCE24A2}"
EndProject
Global
	GlobalSection(SharedMSBuildProjectFiles) = preSolution
		src\GrowlESPLibrary\GrowlESPLibrary.vcxitems*{c5f80730-f44f-4478-bdae-6634efc2ca88}*SharedItemsImports = 4
		src\GrowlESPLibrary\GrowlESPLibrary.vcxitems*{e8b4bc01-65bd-47ae-8e2d-80a11da6b3c8}*SharedItemsImports = 9
	EndGlobalSection
	GlobalSection(SolutionConfigurationPlatforms) = preSolution
		Debug|x86 = Debug|x86
		Release|x86 = Release|x86
	EndGlobalSection
	GlobalSection(ProjectConfigurationPlatforms) = postSolution
		{C5F80730-F44F-4478-BDAE-6634EFC2CA88}.Debug|x86.ActiveCfg = Debug|Win32
		{C5F80730-F44F-4478-BDAE-6634EFC2CA88}.Debug|x86.Build.0 = Debug|Win32
		{C5F80730-F44F-4478-BDAE-6634EFC2CA88}.Release|x86.ActiveCfg = Release|Win32
		{C5F80730-F44F-4478-BDAE-6634EFC2CA88}.Release|x86.Build.0 = Release|Win32
		{9ED35C2C-D38A-4CE5-B878-7CA8EBCE24A2}.Debug|x86.ActiveCfg = Debug|Win32
		{9ED35C2C-D38A-4CE5-B878-7CA8EBCE24A2}.Debug|x86.Build.0 = Debug|Win32
		{9ED35C2C-D38A-4CE5-B878-7CA8EBCE24A2}.Release|x86.ActiveCfg = Release|Win32
		{9ED35C2C-D38A-4CE5-B878-7CA8EBCE24A2}.Release|x86.Build.0 = Release|Win32
	EndGlobalSection
	GlobalSection(SolutionProperties) = preSolution
		HideSolutionNode = FALSE
	EndGlobalSection
	GlobalSection(ExtensibilityGlobals) = postSolution
		SolutionGuid = {7FE845E9-6A45-46F4-8A53-CFFE668C6B46}
	EndGlobalSection
EndGlobal
